{
    "hash": "c756f9f6ea4e25c4553ca6e74cc973d9",
    "packages": [
        {
            "name": "ndab/ndab",
            "version": "dev-stable",
            "source": {
                "type": "git",
                "url": "https://github.com/hrach/ndab.git",
                "reference": "ef44b2c23154bfd51421836484226cdbfef9650e"
            },
            "dist": {
                "type": "zip",
                "url": "https://api.github.com/repos/hrach/ndab/zipball/ef44b2c23154bfd51421836484226cdbfef9650e",
                "reference": "ef44b2c23154bfd51421836484226cdbfef9650e",
                "shasum": ""
            },
            "require": {
                "nette/nette": ">=2.0.5",
                "php": ">=5.3.2"
            },
            "type": "library",
            "autoload": {
                "psr-0": {
                    "Ndab": ""
                }
            },
            "notification-url": "https://packagist.org/downloads/",
            "license": [
                "MIT"
            ],
            "authors": [
                {
                    "name": "Jan Skrasek",
                    "email": "jan@skrasek.com",
                    "homepage": "http://jan.skrasek.com"
                }
            ],
            "description": "Ndab - ORM builded on Nette\\Database.",
            "homepage": "https://github.com/hrach/ndab",
            "keywords": [
                "database",
                "db",
                "nette",
                "orm"
            ],
            "time": "2012-09-27 09:24:21"
        },
        {
            "name": "nette/nette",
            "version": "v2.0.10",
            "source": {
                "type": "git",
                "url": "https://github.com/nette/nette.git",
                "reference": "v2.0.10"
            },
            "dist": {
                "type": "zip",
                "url": "https://api.github.com/repos/nette/nette/zipball/v2.0.10",
                "reference": "v2.0.10",
                "shasum": ""
            },
            "require": {
                "ext-iconv": "*",
                "ext-tokenizer": "*",
                "php": ">=5.3.0"
            },
            "require-dev": {
                "nette/tester": "@dev"
            },
            "suggest": {
                "ext-fileinfo": "*",
                "ext-gd": "*",
                "ext-mbstring": "*",
                "ext-memcache": "*",
                "ext-pdo": "*"
            },
            "type": "library",
            "extra": {
                "branch-alias": {
                    "dev-master": "2.1-dev"
                }
            },
            "autoload": {
                "files": [
                    "Nette/loader.php"
                ]
            },
            "notification-url": "https://packagist.org/downloads/",
            "license": [
                "BSD-3-Clause",
                "GPL-2.0",
                "GPL-3.0"
            ],
            "authors": [
                {
                    "name": "David Grudl",
                    "homepage": "http://davidgrudl.com"
                },
                {
                    "name": "Nette Community",
                    "homepage": "http://nette.org/contributors"
                }
            ],
            "description": "Nette Framework - innovative framework for fast and easy development of secured web applications in PHP. Write less, have cleaner code and your work will bring you joy.",
            "homepage": "http://nette.org",
            "keywords": [
                "Forms",
                "database",
                "dbal",
                "debugging",
                "framework",
                "images",
                "latte",
                "mailing",
                "micro",
                "mvc",
                "neon",
                "templating"
            ],
            "time": "2013-03-08 15:44:35"
        }
    ],
    "packages-dev": null,
    "aliases": [

    ],
    "minimum-stability": "stable",
    "stability-flags": {
        "ndab/ndab": 20,
        "nette/tester": 20
    },
    "platform": {
        "php": ">= 5.3.0"
    },
    "platform-dev": [

    ]
}
